
Microsoft Visual Studio Solution File, Format Version 12.00
# Visual Studio Version 17
VisualStudioVersion = 17.0.32014.148
MinimumVisualStudioVersion = 10.0.40219.1
Project("{FAE04EC0-301F-11D3-BF4B-00C04F79EFBC}") = "HashTableProject", "HashTableProject\HashTableProject.csproj", "{FE589C93-BD85-445D-9AA8-3E3D620FB89F}"
EndProject
Global
	GlobalSection(SolutionConfigurationPlatforms) = preSolution
		Debug|Any CPU = Debug|Any CPU
		Release|Any CPU = Release|Any CPU
	EndGlobalSection
	GlobalSection(ProjectConfigurationPlatforms) = postSolution
		{FE589C93-BD85-445D-9AA8-3E3D620FB89F}.Debug|Any CPU.ActiveCfg = Debug|Any CPU
		{FE589C93-BD85-445D-9AA8-3E3D620FB89F}.Debug|Any CPU.Build.0 = Debug|Any CPU
		{FE589C93-BD85-445D-9AA8-3E3D620FB89F}.Release|Any CPU.ActiveCfg = Release|Any CPU
		{FE589C93-BD85-445D-9AA8-3E3D620FB89F}.Release|Any CPU.Build.0 = Release|Any CPU
	EndGlobalSection
	GlobalSection(SolutionProperties) = preSolution
		HideSolutionNode = FALSE
	EndGlobalSection
	GlobalSection(ExtensibilityGlobals) = postSolution
		SolutionGuid = {41FCD554-303F-4D60-9A9E-D43231500548}
	EndGlobalSection
EndGlobal
